
Microsoft Visual Studio Solution File, Format Version 12.00
# Visual Studio Version 16
VisualStudioVersion = 16.0.29728.190
MinimumVisualStudioVersion = 10.0.40219.1
Project("{FAE04EC0-301F-11D3-BF4B-00C04F79EFBC}") = "SFCTest", "SFCTest\SFCTest.csproj", "{53FF5D22-D006-4E25-81F5-43DE5B56D566}"
EndProject
Global
	GlobalSection(SolutionConfigurationPlatforms) = preSolution
		Debug|Any CPU = Debug|Any CPU
		Release|Any CPU = Release|Any CPU
	EndGlobalSection
	GlobalSection(ProjectConfigurationPlatforms) = postSolution
		{53FF5D22-D006-4E25-81F5-43DE5B56D566}.Debug|Any CPU.ActiveCfg = Debug|Any CPU
		{53FF5D22-D006-4E25-81F5-43DE5B56D566}.Debug|Any CPU.Build.0 = Debug|Any CPU
		{53FF5D22-D006-4E25-81F5-43DE5B56D566}.Release|Any CPU.ActiveCfg = Release|Any CPU
		{53FF5D22-D006-4E25-81F5-43DE5B56D566}.Release|Any CPU.Build.0 = Release|Any CPU
	EndGlobalSection
	GlobalSection(SolutionProperties) = preSolution
		HideSolutionNode = FALSE
	EndGlobalSection
	GlobalSection(ExtensibilityGlobals) = postSolution
		SolutionGuid = {D437C1DA-89B2-49D2-BE4B-5F3E013AC74B}
	EndGlobalSection
EndGlobal
